// !$*UTF8*$!
{
	archiveVersion = 1;
	classes = {
	};
	objectVersion = 47;
	objects = {

/* Begin PBXBuildFile section */
		141B77851C53CD4400796C74 /* AccountsViewController.swift in Sources */ = {isa = PBXBuildFile; fileRef = 141B77841C53CD4400796C74 /* AccountsViewController.swift */; };
		141B77891C53EA2600796C74 /* Main.storyboard in Resources */ = {isa = PBXBuildFile; fileRef = 141B77881C53EA2600796C74 /* Main.storyboard */; };
		141B77921C5431C300796C74 /* UIViewControllerExtension.swift in Sources */ = {isa = PBXBuildFile; fileRef = 141B77911C5431C300796C74 /* UIViewControllerExtension.swift */; };
		141B77941C54355300796C74 /* Account.swift in Sources */ = {isa = PBXBuildFile; fileRef = 141B77931C54355300796C74 /* Account.swift */; };
		1431E6201C7093BB000B2B84 /* ViewState.swift in Sources */ = {isa = PBXBuildFile; fileRef = 1431E61F1C7093BB000B2B84 /* ViewState.swift */; };
		144460381C54DF7F00EE0B50 /* AccountViewController.swift in Sources */ = {isa = PBXBuildFile; fileRef = 144460371C54DF7F00EE0B50 /* AccountViewController.swift */; };
		14F2933A1C445FB8005EF93A /* AppDelegate.swift in Sources */ = {isa = PBXBuildFile; fileRef = 14F293391C445FB8005EF93A /* AppDelegate.swift */; };
		14F2933C1C445FB8005EF93A /* AppViewController.swift in Sources */ = {isa = PBXBuildFile; fileRef = 14F2933B1C445FB8005EF93A /* AppViewController.swift */; };
		14F2933F1C445FB8005EF93A /* App.storyboard in Resources */ = {isa = PBXBuildFile; fileRef = 14F2933D1C445FB8005EF93A /* App.storyboard */; };
		14F293441C445FB8005EF93A /* Assets.xcassets in Resources */ = {isa = PBXBuildFile; fileRef = 14F293431C445FB8005EF93A /* Assets.xcassets */; };
		14F293471C445FB8005EF93A /* LaunchScreen.storyboard in Resources */ = {isa = PBXBuildFile; fileRef = 14F293451C445FB8005EF93A /* LaunchScreen.storyboard */; };
		14F293521C445FB8005EF93A /* AusgabenTests.swift in Sources */ = {isa = PBXBuildFile; fileRef = 14F293511C445FB8005EF93A /* AusgabenTests.swift */; };
		14F2935D1C445FB8005EF93A /* AusgabenUITests.swift in Sources */ = {isa = PBXBuildFile; fileRef = 14F2935C1C445FB8005EF93A /* AusgabenUITests.swift */; };
		14F2936F1C4462F6005EF93A /* MicrosoftAzureMobile.framework in Frameworks */ = {isa = PBXBuildFile; fileRef = 14F2936E1C4462F6005EF93A /* MicrosoftAzureMobile.framework */; };
/* End PBXBuildFile section */

/* Begin PBXContainerItemProxy section */
		14F2934E1C445FB8005EF93A /* PBXContainerItemProxy */ = {
			isa = PBXContainerItemProxy;
			containerPortal = 14F2932E1C445FB8005EF93A /* Project object */;
			proxyType = 1;
			remoteGlobalIDString = 14F293351C445FB8005EF93A;
			remoteInfo = Ausgaben;
		};
		14F293591C445FB8005EF93A /* PBXContainerItemProxy */ = {
			isa = PBXContainerItemProxy;
			containerPortal = 14F2932E1C445FB8005EF93A /* Project object */;
			proxyType = 1;
			remoteGlobalIDString = 14F293351C445FB8005EF93A;
			remoteInfo = Ausgaben;
		};
/* End PBXContainerItemProxy section */

/* Begin PBXFileReference section */
		141B77841C53CD4400796C74 /* AccountsViewController.swift */ = {isa = PBXFileReference; fileEncoding = 4; lastKnownFileType = sourcecode.swift; path = AccountsViewController.swift; sourceTree = "<group>"; };
		141B77881C53EA2600796C74 /* Main.storyboard */ = {isa = PBXFileReference; fileEncoding = 4; lastKnownFileType = file.storyboard; path = Main.storyboard; sourceTree = "<group>"; };
		141B77911C5431C300796C74 /* UIViewControllerExtension.swift */ = {isa = PBXFileReference; fileEncoding = 4; lastKnownFileType = sourcecode.swift; path = UIViewControllerExtension.swift; sourceTree = "<group>"; };
		141B77931C54355300796C74 /* Account.swift */ = {isa = PBXFileReference; fileEncoding = 4; lastKnownFileType = sourcecode.swift; path = Account.swift; sourceTree = "<group>"; };
		1431E61F1C7093BB000B2B84 /* ViewState.swift */ = {isa = PBXFileReference; fileEncoding = 4; lastKnownFileType = sourcecode.swift; path = ViewState.swift; sourceTree = "<group>"; };
		144460371C54DF7F00EE0B50 /* AccountViewController.swift */ = {isa = PBXFileReference; fileEncoding = 4; lastKnownFileType = sourcecode.swift; path = AccountViewController.swift; sourceTree = "<group>"; };
		14F293361C445FB8005EF93A /* Ausgaben.app */ = {isa = PBXFileReference; explicitFileType = wrapper.application; includeInIndex = 0; path = Ausgaben.app; sourceTree = BUILT_PRODUCTS_DIR; };
		14F293391C445FB8005EF93A /* AppDelegate.swift */ = {isa = PBXFileReference; lastKnownFileType = sourcecode.swift; path = AppDelegate.swift; sourceTree = "<group>"; };
		14F2933B1C445FB8005EF93A /* AppViewController.swift */ = {isa = PBXFileReference; lastKnownFileType = sourcecode.swift; path = AppViewController.swift; sourceTree = "<group>"; };
		14F2933E1C445FB8005EF93A /* Base */ = {isa = PBXFileReference; lastKnownFileType = file.storyboard; name = Base; path = Base.lproj/App.storyboard; sourceTree = "<group>"; };
		14F293431C445FB8005EF93A /* Assets.xcassets */ = {isa = PBXFileReference; lastKnownFileType = folder.assetcatalog; path = Assets.xcassets; sourceTree = "<group>"; };
		14F293461C445FB8005EF93A /* Base */ = {isa = PBXFileReference; lastKnownFileType = file.storyboard; name = Base; path = Base.lproj/LaunchScreen.storyboard; sourceTree = "<group>"; };
		14F293481C445FB8005EF93A /* Info.plist */ = {isa = PBXFileReference; lastKnownFileType = text.plist.xml; path = Info.plist; sourceTree = "<group>"; };
		14F2934D1C445FB8005EF93A /* AusgabenTests.xctest */ = {isa = PBXFileReference; explicitFileType = wrapper.cfbundle; includeInIndex = 0; path = AusgabenTests.xctest; sourceTree = BUILT_PRODUCTS_DIR; };
		14F293511C445FB8005EF93A /* AusgabenTests.swift */ = {isa = PBXFileReference; lastKnownFileType = sourcecode.swift; path = AusgabenTests.swift; sourceTree = "<group>"; };
		14F293531C445FB8005EF93A /* Info.plist */ = {isa = PBXFileReference; lastKnownFileType = text.plist.xml; path = Info.plist; sourceTree = "<group>"; };
		14F293581C445FB8005EF93A /* AusgabenUITests.xctest */ = {isa = PBXFileReference; explicitFileType = wrapper.cfbundle; includeInIndex = 0; path = AusgabenUITests.xctest; sourceTree = BUILT_PRODUCTS_DIR; };
		14F2935C1C445FB8005EF93A /* AusgabenUITests.swift */ = {isa = PBXFileReference; lastKnownFileType = sourcecode.swift; path = AusgabenUITests.swift; sourceTree = "<group>"; };
		14F2935E1C445FB8005EF93A /* Info.plist */ = {isa = PBXFileReference; lastKnownFileType = text.plist.xml; path = Info.plist; sourceTree = "<group>"; };
		14F2936C1C446050005EF93A /* Bridge.h */ = {isa = PBXFileReference; fileEncoding = 4; lastKnownFileType = sourcecode.c.h; path = Bridge.h; sourceTree = "<group>"; };
		14F2936E1C4462F6005EF93A /* MicrosoftAzureMobile.framework */ = {isa = PBXFileReference; lastKnownFileType = wrapper.framework; path = MicrosoftAzureMobile.framework; sourceTree = "<group>"; };
/* End PBXFileReference section */

/* Begin PBXFrameworksBuildPhase section */
		14F293331C445FB8005EF93A /* Frameworks */ = {
			isa = PBXFrameworksBuildPhase;
			buildActionMask = 2147483647;
			files = (
				14F2936F1C4462F6005EF93A /* MicrosoftAzureMobile.framework in Frameworks */,
			);
			runOnlyForDeploymentPostprocessing = 0;
		};
		14F2934A1C445FB8005EF93A /* Frameworks */ = {
			isa = PBXFrameworksBuildPhase;
			buildActionMask = 2147483647;
			files = (
			);
			runOnlyForDeploymentPostprocessing = 0;
		};
		14F293551C445FB8005EF93A /* Frameworks */ = {
			isa = PBXFrameworksBuildPhase;
			buildActionMask = 2147483647;
			files = (
			);
			runOnlyForDeploymentPostprocessing = 0;
		};
/* End PBXFrameworksBuildPhase section */

/* Begin PBXGroup section */
		141B778A1C53EBC800796C74 /* App */ = {
			isa = PBXGroup;
			children = (
				14F293391C445FB8005EF93A /* AppDelegate.swift */,
				14F2933B1C445FB8005EF93A /* AppViewController.swift */,
				14F2933D1C445FB8005EF93A /* App.storyboard */,
			);
			name = App;
			sourceTree = "<group>";
		};
		141B778B1C53F16100796C74 /* Main */ = {
			isa = PBXGroup;
			children = (
				141B778C1C53F19B00796C74 /* Account */,
				141B77881C53EA2600796C74 /* Main.storyboard */,
			);
			name = Main;
			sourceTree = "<group>";
		};
		141B778C1C53F19B00796C74 /* Account */ = {
			isa = PBXGroup;
			children = (
				141B77841C53CD4400796C74 /* AccountsViewController.swift */,
				141B77931C54355300796C74 /* Account.swift */,
				144460371C54DF7F00EE0B50 /* AccountViewController.swift */,
			);
			name = Account;
			sourceTree = "<group>";
		};
		14F2932D1C445FB8005EF93A = {
			isa = PBXGroup;
			children = (
				14F2936D1C44619F005EF93A /* Frameworks */,
				14F293381C445FB8005EF93A /* Ausgaben */,
				14F293501C445FB8005EF93A /* AusgabenTests */,
				14F2935B1C445FB8005EF93A /* AusgabenUITests */,
				14F293371C445FB8005EF93A /* Products */,
			);
			sourceTree = "<group>";
		};
		14F293371C445FB8005EF93A /* Products */ = {
			isa = PBXGroup;
			children = (
				14F293361C445FB8005EF93A /* Ausgaben.app */,
				14F2934D1C445FB8005EF93A /* AusgabenTests.xctest */,
				14F293581C445FB8005EF93A /* AusgabenUITests.xctest */,
			);
			name = Products;
			sourceTree = "<group>";
		};
		14F293381C445FB8005EF93A /* Ausgaben */ = {
			isa = PBXGroup;
			children = (
				141B778B1C53F16100796C74 /* Main */,
				141B778A1C53EBC800796C74 /* App */,
				14F293431C445FB8005EF93A /* Assets.xcassets */,
				14F293451C445FB8005EF93A /* LaunchScreen.storyboard */,
				14F293481C445FB8005EF93A /* Info.plist */,
				14F2936C1C446050005EF93A /* Bridge.h */,
				141B77911C5431C300796C74 /* UIViewControllerExtension.swift */,
				1431E61F1C7093BB000B2B84 /* ViewState.swift */,
			);
			path = Ausgaben;
			sourceTree = "<group>";
		};
		14F293501C445FB8005EF93A /* AusgabenTests */ = {
			isa = PBXGroup;
			children = (
				14F293511C445FB8005EF93A /* AusgabenTests.swift */,
				14F293531C445FB8005EF93A /* Info.plist */,
			);
			path = AusgabenTests;
			sourceTree = "<group>";
		};
		14F2935B1C445FB8005EF93A /* AusgabenUITests */ = {
			isa = PBXGroup;
			children = (
				14F2935C1C445FB8005EF93A /* AusgabenUITests.swift */,
				14F2935E1C445FB8005EF93A /* Info.plist */,
			);
			path = AusgabenUITests;
			sourceTree = "<group>";
		};
		14F2936D1C44619F005EF93A /* Frameworks */ = {
			isa = PBXGroup;
			children = (
				14F2936E1C4462F6005EF93A /* MicrosoftAzureMobile.framework */,
			);
			name = Frameworks;
			sourceTree = "<group>";
		};
/* End PBXGroup section */

/* Begin PBXNativeTarget section */
		14F293351C445FB8005EF93A /* Ausgaben */ = {
			isa = PBXNativeTarget;
			buildConfigurationList = 14F293611C445FB8005EF93A /* Build configuration list for PBXNativeTarget "Ausgaben" */;
			buildPhases = (
				14F293321C445FB8005EF93A /* Sources */,
				14F293331C445FB8005EF93A /* Frameworks */,
				14F293341C445FB8005EF93A /* Resources */,
			);
			buildRules = (
			);
			dependencies = (
			);
			name = Ausgaben;
			productName = Ausgaben;
			productReference = 14F293361C445FB8005EF93A /* Ausgaben.app */;
			productType = "com.apple.product-type.application";
		};
		14F2934C1C445FB8005EF93A /* AusgabenTests */ = {
			isa = PBXNativeTarget;
			buildConfigurationList = 14F293641C445FB8005EF93A /* Build configuration list for PBXNativeTarget "AusgabenTests" */;
			buildPhases = (
				14F293491C445FB8005EF93A /* Sources */,
				14F2934A1C445FB8005EF93A /* Frameworks */,
				14F2934B1C445FB8005EF93A /* Resources */,
			);
			buildRules = (
			);
			dependencies = (
				14F2934F1C445FB8005EF93A /* PBXTargetDependency */,
			);
			name = AusgabenTests;
			productName = AusgabenTests;
			productReference = 14F2934D1C445FB8005EF93A /* AusgabenTests.xctest */;
			productType = "com.apple.product-type.bundle.unit-test";
		};
		14F293571C445FB8005EF93A /* AusgabenUITests */ = {
			isa = PBXNativeTarget;
			buildConfigurationList = 14F293671C445FB8005EF93A /* Build configuration list for PBXNativeTarget "AusgabenUITests" */;
			buildPhases = (
				14F293541C445FB8005EF93A /* Sources */,
				14F293551C445FB8005EF93A /* Frameworks */,
				14F293561C445FB8005EF93A /* Resources */,
			);
			buildRules = (
			);
			dependencies = (
				14F2935A1C445FB8005EF93A /* PBXTargetDependency */,
			);
			name = AusgabenUITests;
			productName = AusgabenUITests;
			productReference = 14F293581C445FB8005EF93A /* AusgabenUITests.xctest */;
			productType = "com.apple.product-type.bundle.ui-testing";
		};
/* End PBXNativeTarget section */

/* Begin PBXProject section */
		14F2932E1C445FB8005EF93A /* Project object */ = {
			isa = PBXProject;
			attributes = {
				LastSwiftUpdateCheck = 0720;
				LastUpgradeCheck = 0720;
				ORGANIZATIONNAME = "Dmytro Morozov";
				TargetAttributes = {
					14F293351C445FB8005EF93A = {
						CreatedOnToolsVersion = 7.2;
						DevelopmentTeam = 56468X2PU5;
					};
					14F2934C1C445FB8005EF93A = {
						CreatedOnToolsVersion = 7.2;
						TestTargetID = 14F293351C445FB8005EF93A;
					};
					14F293571C445FB8005EF93A = {
						CreatedOnToolsVersion = 7.2;
						TestTargetID = 14F293351C445FB8005EF93A;
					};
				};
			};
			buildConfigurationList = 14F293311C445FB8005EF93A /* Build configuration list for PBXProject "Ausgaben" */;
			compatibilityVersion = "Xcode 6.3";
			developmentRegion = English;
			hasScannedForEncodings = 0;
			knownRegions = (
				en,
				Base,
			);
			mainGroup = 14F2932D1C445FB8005EF93A;
			productRefGroup = 14F293371C445FB8005EF93A /* Products */;
			projectDirPath = "";
			projectRoot = "";
			targets = (
				14F293351C445FB8005EF93A /* Ausgaben */,
				14F2934C1C445FB8005EF93A /* AusgabenTests */,
				14F293571C445FB8005EF93A /* AusgabenUITests */,
			);
		};
/* End PBXProject section */

/* Begin PBXResourcesBuildPhase section */
		14F293341C445FB8005EF93A /* Resources */ = {
			isa = PBXResourcesBuildPhase;
			buildActionMask = 2147483647;
			files = (
				14F293471C445FB8005EF93A /* LaunchScreen.storyboard in Resources */,
				14F293441C445FB8005EF93A /* Assets.xcassets in Resources */,
				14F2933F1C445FB8005EF93A /* App.storyboard in Resources */,
				141B77891C53EA2600796C74 /* Main.storyboard in Resources */,
			);
			runOnlyForDeploymentPostprocessing = 0;
		};
		14F2934B1C445FB8005EF93A /* Resources */ = {
			isa = PBXResourcesBuildPhase;
			buildActionMask = 2147483647;
			files = (
			);
			runOnlyForDeploymentPostprocessing = 0;
		};
		14F293561C445FB8005EF93A /* Resources */ = {
			isa = PBXResourcesBuildPhase;
			buildActionMask = 2147483647;
			files = (
			);
			runOnlyForDeploymentPostprocessing = 0;
		};
/* End PBXResourcesBuildPhase section */

/* Begin PBXSourcesBuildPhase section */
		14F293321C445FB8005EF93A /* Sources */ = {
			isa = PBXSourcesBuildPhase;
			buildActionMask = 2147483647;
			files = (
				14F2933C1C445FB8005EF93A /* AppViewController.swift in Sources */,
				1431E6201C7093BB000B2B84 /* ViewState.swift in Sources */,
				141B77921C5431C300796C74 /* UIViewControllerExtension.swift in Sources */,
				144460381C54DF7F00EE0B50 /* AccountViewController.swift in Sources */,
				141B77851C53CD4400796C74 /* AccountsViewController.swift in Sources */,
				14F2933A1C445FB8005EF93A /* AppDelegate.swift in Sources */,
				141B77941C54355300796C74 /* Account.swift in Sources */,
			);
			runOnlyForDeploymentPostprocessing = 0;
		};
		14F293491C445FB8005EF93A /* Sources */ = {
			isa = PBXSourcesBuildPhase;
			buildActionMask = 2147483647;
			files = (
				14F293521C445FB8005EF93A /* AusgabenTests.swift in Sources */,
			);
			runOnlyForDeploymentPostprocessing = 0;
		};
		14F293541C445FB8005EF93A /* Sources */ = {
			isa = PBXSourcesBuildPhase;
			buildActionMask = 2147483647;
			files = (
				14F2935D1C445FB8005EF93A /* AusgabenUITests.swift in Sources */,
			);
			runOnlyForDeploymentPostprocessing = 0;
		};
/* End PBXSourcesBuildPhase section */

/* Begin PBXTargetDependency section */
		14F2934F1C445FB8005EF93A /* PBXTargetDependency */ = {
			isa = PBXTargetDependency;
			target = 14F293351C445FB8005EF93A /* Ausgaben */;
			targetProxy = 14F2934E1C445FB8005EF93A /* PBXContainerItemProxy */;
		};
		14F2935A1C445FB8005EF93A /* PBXTargetDependency */ = {
			isa = PBXTargetDependency;
			target = 14F293351C445FB8005EF93A /* Ausgaben */;
			targetProxy = 14F293591C445FB8005EF93A /* PBXContainerItemProxy */;
		};
/* End PBXTargetDependency section */

/* Begin PBXVariantGroup section */
		14F2933D1C445FB8005EF93A /* App.storyboard */ = {
			isa = PBXVariantGroup;
			children = (
				14F2933E1C445FB8005EF93A /* Base */,
			);
			name = App.storyboard;
			sourceTree = "<group>";
		};
		14F293451C445FB8005EF93A /* LaunchScreen.storyboard */ = {
			isa = PBXVariantGroup;
			children = (
				14F293461C445FB8005EF93A /* Base */,
			);
			name = LaunchScreen.storyboard;
			sourceTree = "<group>";
		};
/* End PBXVariantGroup section */

/* Begin XCBuildConfiguration section */
		14F2935F1C445FB8005EF93A /* Debug */ = {
			isa = XCBuildConfiguration;
			buildSettings = {
				ALWAYS_SEARCH_USER_PATHS = NO;
				APP_SERVICE_URL = "https://ausgaben-einnahmen.azurewebsites.net";
				CLANG_CXX_LANGUAGE_STANDARD = "gnu++0x";
				CLANG_CXX_LIBRARY = "libc++";
				CLANG_ENABLE_MODULES = YES;
				CLANG_ENABLE_OBJC_ARC = YES;
				CLANG_WARN_BOOL_CONVERSION = YES;
				CLANG_WARN_CONSTANT_CONVERSION = YES;
				CLANG_WARN_DIRECT_OBJC_ISA_USAGE = YES_ERROR;
				CLANG_WARN_EMPTY_BODY = YES;
				CLANG_WARN_ENUM_CONVERSION = YES;
				CLANG_WARN_INT_CONVERSION = YES;
				CLANG_WARN_OBJC_ROOT_CLASS = YES_ERROR;
				CLANG_WARN_UNREACHABLE_CODE = YES;
				CLANG_WARN__DUPLICATE_METHOD_MATCH = YES;
				"CODE_SIGN_IDENTITY[sdk=iphoneos*]" = "iPhone Developer";
				COPY_PHASE_STRIP = NO;
				DEBUG_INFORMATION_FORMAT = dwarf;
				ENABLE_STRICT_OBJC_MSGSEND = YES;
				ENABLE_TESTABILITY = YES;
				GCC_C_LANGUAGE_STANDARD = gnu99;
				GCC_DYNAMIC_NO_PIC = NO;
				GCC_NO_COMMON_BLOCKS = YES;
				GCC_OPTIMIZATION_LEVEL = 0;
				GCC_PREPROCESSOR_DEFINITIONS = (
					"DEBUG=1",
					"$(inherited)",
				);
				GCC_WARN_64_TO_32_BIT_CONVERSION = YES;
				GCC_WARN_ABOUT_RETURN_TYPE = YES_ERROR;
				GCC_WARN_UNDECLARED_SELECTOR = YES;
				GCC_WARN_UNINITIALIZED_AUTOS = YES_AGGRESSIVE;
				GCC_WARN_UNUSED_FUNCTION = YES;
				GCC_WARN_UNUSED_VARIABLE = YES;
				IPHONEOS_DEPLOYMENT_TARGET = 9.2;
				MTL_ENABLE_DEBUG_INFO = YES;
				ONLY_ACTIVE_ARCH = YES;
				SDKROOT = iphoneos;
				SWIFT_OBJC_BRIDGING_HEADER = "";
				SWIFT_OPTIMIZATION_LEVEL = "-Onone";
				TARGETED_DEVICE_FAMILY = "1,2";
			};
			name = Debug;
		};
		14F293601C445FB8005EF93A /* Release */ = {
			isa = XCBuildConfiguration;
			buildSettings = {
				ALWAYS_SEARCH_USER_PATHS = NO;
				APP_SERVICE_URL = "https://www.mdmsua.com";
				CLANG_CXX_LANGUAGE_STANDARD = "gnu++0x";
				CLANG_CXX_LIBRARY = "libc++";
				CLANG_ENABLE_MODULES = YES;
				CLANG_ENABLE_OBJC_ARC = YES;
				CLANG_WARN_BOOL_CONVERSION = YES;
				CLANG_WARN_CONSTANT_CONVERSION = YES;
				CLANG_WARN_DIRECT_OBJC_ISA_USAGE = YES_ERROR;
				CLANG_WARN_EMPTY_BODY = YES;
				CLANG_WARN_ENUM_CONVERSION = YES;
				CLANG_WARN_INT_CONVERSION = YES;
				CLANG_WARN_OBJC_ROOT_CLASS = YES_ERROR;
				CLANG_WARN_UNREACHABLE_CODE = YES;
				CLANG_WARN__DUPLICATE_METHOD_MATCH = YES;
				"CODE_SIGN_IDENTITY[sdk=iphoneos*]" = "iPhone Developer";
				COPY_PHASE_STRIP = NO;
				DEBUG_INFORMATION_FORMAT = "dwarf-with-dsym";
				ENABLE_NS_ASSERTIONS = NO;
				ENABLE_STRICT_OBJC_MSGSEND = YES;
				GCC_C_LANGUAGE_STANDARD = gnu99;
				GCC_NO_COMMON_BLOCKS = YES;
				GCC_WARN_64_TO_32_BIT_CONVERSION = YES;
				GCC_WARN_ABOUT_RETURN_TYPE = YES_ERROR;
				GCC_WARN_UNDECLARED_SELECTOR = YES;
				GCC_WARN_UNINITIALIZED_AUTOS = YES_AGGRESSIVE;
				GCC_WARN_UNUSED_FUNCTION = YES;
				GCC_WARN_UNUSED_VARIABLE = YES;
				IPHONEOS_DEPLOYMENT_TARGET = 9.2;
				MTL_ENABLE_DEBUG_INFO = NO;
				SDKROOT = iphoneos;
				SWIFT_OBJC_BRIDGING_HEADER = "";
				TARGETED_DEVICE_FAMILY = "1,2";
				VALIDATE_PRODUCT = YES;
			};
			name = Release;
		};
		14F293621C445FB8005EF93A /* Debug */ = {
			isa = XCBuildConfiguration;
			buildSettings = {
				ASSETCATALOG_COMPILER_APPICON_NAME = AppIcon;
				CODE_SIGN_IDENTITY = "iPhone Developer";
				"CODE_SIGN_IDENTITY[sdk=iphoneos*]" = "iPhone Developer";
				FRAMEWORK_SEARCH_PATHS = (
					"$(inherited)",
					"$(PROJECT_DIR)",
				);
				INFOPLIST_FILE = Ausgaben/Info.plist;
				LD_RUNPATH_SEARCH_PATHS = "$(inherited) @executable_path/Frameworks";
				PRODUCT_BUNDLE_IDENTIFIER = com.mdmsua.Ausgaben;
				PRODUCT_NAME = "$(TARGET_NAME)";
				PROVISIONING_PROFILE = "";
				SWIFT_OBJC_BRIDGING_HEADER = Ausgaben/Bridge.h;
				TARGETED_DEVICE_FAMILY = 1;
			};
			name = Debug;
		};
		14F293631C445FB8005EF93A /* Release */ = {
			isa = XCBuildConfiguration;
			buildSettings = {
				ASSETCATALOG_COMPILER_APPICON_NAME = AppIcon;
				CODE_SIGN_IDENTITY = "iPhone Developer";
				"CODE_SIGN_IDENTITY[sdk=iphoneos*]" = "iPhone Developer";
				FRAMEWORK_SEARCH_PATHS = (
					"$(inherited)",
					"$(PROJECT_DIR)",
				);
				INFOPLIST_FILE = Ausgaben/Info.plist;
				LD_RUNPATH_SEARCH_PATHS = "$(inherited) @executable_path/Frameworks";
				PRODUCT_BUNDLE_IDENTIFIER = com.mdmsua.Ausgaben;
				PRODUCT_NAME = "$(TARGET_NAME)";
				PROVISIONING_PROFILE = "";
				SWIFT_OBJC_BRIDGING_HEADER = Ausgaben/Bridge.h;
				TARGETED_DEVICE_FAMILY = 1;
			};
			name = Release;
		};
		14F293651C445FB8005EF93A /* Debug */ = {
			isa = XCBuildConfiguration;
			buildSettings = {
				BUNDLE_LOADER = "$(TEST_HOST)";
				INFOPLIST_FILE = AusgabenTests/Info.plist;
				LD_RUNPATH_SEARCH_PATHS = "$(inherited) @executable_path/Frameworks @loader_path/Frameworks";
				PRODUCT_BUNDLE_IDENTIFIER = com.mdmsua.AusgabenTests;
				PRODUCT_NAME = "$(TARGET_NAME)";
				TEST_HOST = "$(BUILT_PRODUCTS_DIR)/Ausgaben.app/Ausgaben";
			};
			name = Debug;
		};
		14F293661C445FB8005EF93A /* Release */ = {
			isa = XCBuildConfiguration;
			buildSettings = {
				BUNDLE_LOADER = "$(TEST_HOST)";
				INFOPLIST_FILE = AusgabenTests/Info.plist;
				LD_RUNPATH_SEARCH_PATHS = "$(inherited) @executable_path/Frameworks @loader_path/Frameworks";
				PRODUCT_BUNDLE_IDENTIFIER = com.mdmsua.AusgabenTests;
				PRODUCT_NAME = "$(TARGET_NAME)";
				TEST_HOST = "$(BUILT_PRODUCTS_DIR)/Ausgaben.app/Ausgaben";
			};
			name = Release;
		};
		14F293681C445FB8005EF93A /* Debug */ = {
			isa = XCBuildConfiguration;
			buildSettings = {
				INFOPLIST_FILE = AusgabenUITests/Info.plist;
				LD_RUNPATH_SEARCH_PATHS = "$(inherited) @executable_path/Frameworks @loader_path/Frameworks";
				PRODUCT_BUNDLE_IDENTIFIER = com.mdmsua.AusgabenUITests;
				PRODUCT_NAME = "$(TARGET_NAME)";
				TEST_TARGET_NAME = Ausgaben;
				USES_XCTRUNNER = YES;
			};
			name = Debug;
		};
		14F293691C445FB8005EF93A /* Release */ = {
			isa = XCBuildConfiguration;
			buildSettings = {
				INFOPLIST_FILE = AusgabenUITests/Info.plist;
				LD_RUNPATH_SEARCH_PATHS = "$(inherited) @executable_path/Frameworks @loader_path/Frameworks";
				PRODUCT_BUNDLE_IDENTIFIER = com.mdmsua.AusgabenUITests;
				PRODUCT_NAME = "$(TARGET_NAME)";
				TEST_TARGET_NAME = Ausgaben;
				USES_XCTRUNNER = YES;
			};
			name = Release;
		};
/* End XCBuildConfiguration section */

/* Begin XCConfigurationList section */
		14F293311C445FB8005EF93A /* Build configuration list for PBXProject "Ausgaben" */ = {
			isa = XCConfigurationList;
			buildConfigurations = (
				14F2935F1C445FB8005EF93A /* Debug */,
				14F293601C445FB8005EF93A /* Release */,
			);
			defaultConfigurationIsVisible = 0;
			defaultConfigurationName = Release;
		};
		14F293611C445FB8005EF93A /* Build configuration list for PBXNativeTarget "Ausgaben" */ = {
			isa = XCConfigurationList;
			buildConfigurations = (
				14F293621C445FB8005EF93A /* Debug */,
				14F293631C445FB8005EF93A /* Release */,
			);
			defaultConfigurationIsVisible = 0;
			defaultConfigurationName = Release;
		};
		14F293641C445FB8005EF93A /* Build configuration list for PBXNativeTarget "AusgabenTests" */ = {
			isa = XCConfigurationList;
			buildConfigurations = (
				14F293651C445FB8005EF93A /* Debug */,
				14F293661C445FB8005EF93A /* Release */,
			);
			defaultConfigurationIsVisible = 0;
			defaultConfigurationName = Release;
		};
		14F293671C445FB8005EF93A /* Build configuration list for PBXNativeTarget "AusgabenUITests" */ = {
			isa = XCConfigurationList;
			buildConfigurations = (
				14F293681C445FB8005EF93A /* Debug */,
				14F293691C445FB8005EF93A /* Release */,
			);
			defaultConfigurationIsVisible = 0;
			defaultConfigurationName = Release;
		};
/* End XCConfigurationList section */
	};
	rootObject = 14F2932E1C445FB8005EF93A /* Project object */;
}
